
Microsoft Visual Studio Solution File, Format Version 12.00
Project("{FAE04EC0-301F-11D3-BF4B-00C04F79EFBC}") = "BondEvaluator.API", "BondEvaluator.API\BondEvaluator.API.csproj", "{00F5D7D3-50CC-4074-A80B-FFB39184D04F}"
EndProject
Project("{FAE04EC0-301F-11D3-BF4B-00C04F79EFBC}") = "BondEvaluator.Application", "BondEvaluator.Application\BondEvaluator.Application.csproj", "{828EEB8B-A260-4791-8F9B-16D262FD8FC9}"
EndProject
Project("{FAE04EC0-301F-11D3-BF4B-00C04F79EFBC}") = "BondEvaluator.Infrastructure", "BondEvaluator.Infrastructure\BondEvaluator.Infrastructure.csproj", "{92EDAC6F-BBDF-4494-A357-74A21562DBAA}"
EndProject
Project("{2150E333-8FDC-42A3-9474-1A3956D46DE8}") = "src", "src", "{AF5C4CE6-40BE-437E-9C35-45F4BCC929A3}"
EndProject
Project("{2150E333-8FDC-42A3-9474-1A3956D46DE8}") = "tst", "tst", "{2D68C42A-7DF0-4002-BB47-DED37774A49B}"
EndProject
Project("{FAE04EC0-301F-11D3-BF4B-00C04F79EFBC}") = "BondEvaluator.Application.Test", "BondEvaluator.Application.Test\BondEvaluator.Application.Test.csproj", "{E73245A1-F943-4C3A-87BF-C4B12BDC51DC}"
EndProject
Project("{FAE04EC0-301F-11D3-BF4B-00C04F79EFBC}") = "BondEvaluator.Domain", "BondEvaluator.Domain\BondEvaluator.Domain.csproj", "{C050E8FC-3FA5-4D61-8ADE-5991825D8AC0}"
EndProject
Project("{FAE04EC0-301F-11D3-BF4B-00C04F79EFBC}") = "BondEvaluator.Domain.Test", "BondEvaluator.Domain.Test\BondEvaluator.Domain.Test.csproj", "{544D3D20-C639-403E-8700-B55185DFED9A}"
EndProject
Project("{FAE04EC0-301F-11D3-BF4B-00C04F79EFBC}") = "BondEvaluator.Infrastructure.Test", "BondEvaluator.Infrastructure.Test\BondEvaluator.Infrastructure.Test.csproj", "{5B2500A9-B248-481D-88FC-7E0DC201D899}"
EndProject
Project("{FAE04EC0-301F-11D3-BF4B-00C04F79EFBC}") = "BondEvaluator.API.IntegrationTest", "BondEvaluator.API.IntegrationTest\BondEvaluator.API.IntegrationTest.csproj", "{31B2F21A-5B48-4738-9554-4B693B8617A1}"
EndProject
Global
	GlobalSection(SolutionConfigurationPlatforms) = preSolution
		Debug|Any CPU = Debug|Any CPU
		Release|Any CPU = Release|Any CPU
	EndGlobalSection
	GlobalSection(ProjectConfigurationPlatforms) = postSolution
		{00F5D7D3-50CC-4074-A80B-FFB39184D04F}.Debug|Any CPU.ActiveCfg = Debug|Any CPU
		{00F5D7D3-50CC-4074-A80B-FFB39184D04F}.Debug|Any CPU.Build.0 = Debug|Any CPU
		{00F5D7D3-50CC-4074-A80B-FFB39184D04F}.Release|Any CPU.ActiveCfg = Release|Any CPU
		{00F5D7D3-50CC-4074-A80B-FFB39184D04F}.Release|Any CPU.Build.0 = Release|Any CPU
		{828EEB8B-A260-4791-8F9B-16D262FD8FC9}.Debug|Any CPU.ActiveCfg = Debug|Any CPU
		{828EEB8B-A260-4791-8F9B-16D262FD8FC9}.Debug|Any CPU.Build.0 = Debug|Any CPU
		{828EEB8B-A260-4791-8F9B-16D262FD8FC9}.Release|Any CPU.ActiveCfg = Release|Any CPU
		{828EEB8B-A260-4791-8F9B-16D262FD8FC9}.Release|Any CPU.Build.0 = Release|Any CPU
		{92EDAC6F-BBDF-4494-A357-74A21562DBAA}.Debug|Any CPU.ActiveCfg = Debug|Any CPU
		{92EDAC6F-BBDF-4494-A357-74A21562DBAA}.Debug|Any CPU.Build.0 = Debug|Any CPU
		{92EDAC6F-BBDF-4494-A357-74A21562DBAA}.Release|Any CPU.ActiveCfg = Release|Any CPU
		{92EDAC6F-BBDF-4494-A357-74A21562DBAA}.Release|Any CPU.Build.0 = Release|Any CPU
		{E73245A1-F943-4C3A-87BF-C4B12BDC51DC}.Debug|Any CPU.ActiveCfg = Debug|Any CPU
		{E73245A1-F943-4C3A-87BF-C4B12BDC51DC}.Debug|Any CPU.Build.0 = Debug|Any CPU
		{E73245A1-F943-4C3A-87BF-C4B12BDC51DC}.Release|Any CPU.ActiveCfg = Release|Any CPU
		{E73245A1-F943-4C3A-87BF-C4B12BDC51DC}.Release|Any CPU.Build.0 = Release|Any CPU
		{C050E8FC-3FA5-4D61-8ADE-5991825D8AC0}.Debug|Any CPU.ActiveCfg = Debug|Any CPU
		{C050E8FC-3FA5-4D61-8ADE-5991825D8AC0}.Debug|Any CPU.Build.0 = Debug|Any CPU
		{C050E8FC-3FA5-4D61-8ADE-5991825D8AC0}.Release|Any CPU.ActiveCfg = Release|Any CPU
		{C050E8FC-3FA5-4D61-8ADE-5991825D8AC0}.Release|Any CPU.Build.0 = Release|Any CPU
		{544D3D20-C639-403E-8700-B55185DFED9A}.Debug|Any CPU.ActiveCfg = Debug|Any CPU
		{544D3D20-C639-403E-8700-B55185DFED9A}.Debug|Any CPU.Build.0 = Debug|Any CPU
		{544D3D20-C639-403E-8700-B55185DFED9A}.Release|Any CPU.ActiveCfg = Release|Any CPU
		{544D3D20-C639-403E-8700-B55185DFED9A}.Release|Any CPU.Build.0 = Release|Any CPU
		{5B2500A9-B248-481D-88FC-7E0DC201D899}.Debug|Any CPU.ActiveCfg = Debug|Any CPU
		{5B2500A9-B248-481D-88FC-7E0DC201D899}.Debug|Any CPU.Build.0 = Debug|Any CPU
		{5B2500A9-B248-481D-88FC-7E0DC201D899}.Release|Any CPU.ActiveCfg = Release|Any CPU
		{5B2500A9-B248-481D-88FC-7E0DC201D899}.Release|Any CPU.Build.0 = Release|Any CPU
		{31B2F21A-5B48-4738-9554-4B693B8617A1}.Debug|Any CPU.ActiveCfg = Debug|Any CPU
		{31B2F21A-5B48-4738-9554-4B693B8617A1}.Debug|Any CPU.Build.0 = Debug|Any CPU
		{31B2F21A-5B48-4738-9554-4B693B8617A1}.Release|Any CPU.ActiveCfg = Release|Any CPU
		{31B2F21A-5B48-4738-9554-4B693B8617A1}.Release|Any CPU.Build.0 = Release|Any CPU
	EndGlobalSection
	GlobalSection(NestedProjects) = preSolution
		{00F5D7D3-50CC-4074-A80B-FFB39184D04F} = {AF5C4CE6-40BE-437E-9C35-45F4BCC929A3}
		{828EEB8B-A260-4791-8F9B-16D262FD8FC9} = {AF5C4CE6-40BE-437E-9C35-45F4BCC929A3}
		{92EDAC6F-BBDF-4494-A357-74A21562DBAA} = {AF5C4CE6-40BE-437E-9C35-45F4BCC929A3}
		{E73245A1-F943-4C3A-87BF-C4B12BDC51DC} = {2D68C42A-7DF0-4002-BB47-DED37774A49B}
		{C050E8FC-3FA5-4D61-8ADE-5991825D8AC0} = {AF5C4CE6-40BE-437E-9C35-45F4BCC929A3}
		{544D3D20-C639-403E-8700-B55185DFED9A} = {2D68C42A-7DF0-4002-BB47-DED37774A49B}
		{5B2500A9-B248-481D-88FC-7E0DC201D899} = {2D68C42A-7DF0-4002-BB47-DED37774A49B}
		{31B2F21A-5B48-4738-9554-4B693B8617A1} = {2D68C42A-7DF0-4002-BB47-DED37774A49B}
	EndGlobalSection
EndGlobal
